PODS:
  - Alamofire (5.2.1)
  - LaunchAtLogin (2.5.0)
  - Preferences (0.3.0)
  - SnapKit (5.0.1)

DEPENDENCIES:
  - Alamofire
  - LaunchAtLogin
  - Preferences (from `https://github.com/sindresorhus/Preferences.git`, tag `v0.3.0`)
  - SnapKit

SPEC REPOS:
  trunk:
    - Alamofire
    - LaunchAtLogin
    - SnapKit

EXTERNAL SOURCES:
  Preferences:
    :git: https://github.com/sindresorhus/Preferences.git
    :tag: v0.3.0

CHECKOUT OPTIONS:
  Preferences:
    :git: https://github.com/sindresorhus/Preferences.git
    :tag: v0.3.0

SPEC CHECKSUMS:
  Alamofire: e911732990610fe89af59ac0077f923d72dc3dfd
  LaunchAtLogin: 94138ff26baefa09a29f5e6679a6f4c41ca6b416
  Preferences: cfd4b0cbc5adfb5781b819ad3a000324d0fc9f48
  SnapKit: 97b92857e3df3a0c71833cce143274bf6ef8e5eb

PODFILE CHECKSUM: 14b29fed0422a7a1a82c892fed012d20c88e4f1e

COCOAPODS: 1.9.3
